# THIS IS AN AUTOGENERATED FILE. DO NOT EDIT THIS FILE DIRECTLY.
# yarn lockfile v1


"@babel/runtime@^7.0.0", "@babel/runtime@^7.2.0":
  version "7.5.5"
  resolved "https://registry.yarnpkg.com/@babel/runtime/-/runtime-7.5.5.tgz#74fba56d35efbeca444091c7850ccd494fd2f132"
  dependencies:
    regenerator-runtime "^0.13.2"

"@nivo/annotations@0.59.1":
  version "0.59.1"
  resolved "https://registry.yarnpkg.com/@nivo/annotations/-/annotations-0.59.1.tgz#25ac2d9138361820f40ad3bf9ff32ada6f02f72d"
  dependencies:
    "@nivo/colors" "0.59.0"
    "@nivo/core" "0.59.1"
    lodash "^4.17.11"
    react-motion "^0.5.2"

"@nivo/axes@0.59.2":
  version "0.59.2"
  resolved "https://registry.yarnpkg.com/@nivo/axes/-/axes-0.59.2.tgz#239780c32cfb7b188dbc844dbdaef5d530c945b9"
  dependencies:
    "@nivo/core" "0.59.1"
    d3-format "^1.3.2"
    d3-time "^1.0.11"
    d3-time-format "^2.1.3"
    lodash "^4.17.11"
    react-motion "^0.5.2"

"@nivo/colors@0.59.0":
  version "0.59.0"
  resolved "https://registry.yarnpkg.com/@nivo/colors/-/colors-0.59.0.tgz#326f7941de7387099732143063f657a461bd1dfb"
  dependencies:
    d3-color "^1.2.3"
    d3-scale "^3.0.0"
    d3-scale-chromatic "^1.3.3"
    lodash.get "^4.4.2"
    lodash.isplainobject "^4.0.6"
    react-motion "^0.5.2"

"@nivo/core@0.59.1":
  version "0.59.1"
  resolved "https://registry.yarnpkg.com/@nivo/core/-/core-0.59.1.tgz#2fd19d8963a2279a40746ff8f18ea9ad286bb447"
  dependencies:
    "@nivo/tooltip" "0.59.1"
    d3-color "^1.2.3"
    d3-format "^1.3.2"
    d3-hierarchy "^1.1.8"
    d3-interpolate "^1.3.2"
    d3-scale "^3.0.0"
    d3-scale-chromatic "^1.3.3"
    d3-shape "^1.3.5"
    d3-time-format "^2.1.3"
    lodash "^4.17.11"
    react-measure "^2.2.4"
    react-motion "^0.5.2"
    recompose "^0.30.0"

"@nivo/legends@0.59.1":
  version "0.59.1"
  resolved "https://registry.yarnpkg.com/@nivo/legends/-/legends-0.59.1.tgz#9ae44bc09e3f11be4017c1a37e55b7218663bad8"
  dependencies:
    "@nivo/core" "0.59.1"
    lodash "^4.17.11"
    recompose "^0.30.0"

"@nivo/line@^0.59.3":
  version "0.59.3"
  resolved "https://registry.yarnpkg.com/@nivo/line/-/line-0.59.3.tgz#3c2db5ad90eab2c386f4051daef287ca3a64128c"
  dependencies:
    "@nivo/annotations" "0.59.1"
    "@nivo/axes" "0.59.2"
    "@nivo/colors" "0.59.0"
    "@nivo/core" "0.59.1"
    "@nivo/legends" "0.59.1"
    "@nivo/scales" "0.59.3"
    "@nivo/tooltip" "0.59.1"
    "@nivo/voronoi" "0.59.3"
    d3-shape "^1.3.5"
    lodash "^4.17.11"
    react-motion "^0.5.2"

"@nivo/scales@0.59.3":
  version "0.59.3"
  resolved "https://registry.yarnpkg.com/@nivo/scales/-/scales-0.59.3.tgz#3e3e96768f6d28bb94c0940b939c0ff5de47d2d7"
  dependencies:
    d3-scale "^3.0.0"
    d3-time-format "^2.1.3"
    lodash "^4.17.11"

"@nivo/tooltip@0.59.1":
  version "0.59.1"
  resolved "https://registry.yarnpkg.com/@nivo/tooltip/-/tooltip-0.59.1.tgz#82e981d6af397b1f18a8a2906c8fd60da0234881"
  dependencies:
    "@nivo/core" "0.59.1"
    react-measure "^2.2.4"
    react-motion "^0.5.2"

"@nivo/voronoi@0.59.3":
  version "0.59.3"
  resolved "https://registry.yarnpkg.com/@nivo/voronoi/-/voronoi-0.59.3.tgz#75a97e655bb473bf0cf830469850a4e97041fedf"
  dependencies:
    "@nivo/core" "0.59.1"
    d3-delaunay "^5.1.1"
    d3-scale "^3.0.0"
    recompose "^0.30.0"

asap@~2.0.3:
  version "2.0.6"
  resolved "https://registry.yarnpkg.com/asap/-/asap-2.0.6.tgz#e50347611d7e690943208bbdafebcbc2fb866d46"

change-emitter@^0.1.2:
  version "0.1.6"
  resolved "https://registry.yarnpkg.com/change-emitter/-/change-emitter-0.1.6.tgz#e8b2fe3d7f1ab7d69a32199aff91ea6931409515"

core-js@^1.0.0:
  version "1.2.7"
  resolved "https://registry.yarnpkg.com/core-js/-/core-js-1.2.7.tgz#652294c14651db28fa93bd2d5ff2983a4f08c636"

"d3-array@1.2.0 - 2":
  version "2.3.1"
  resolved "https://registry.yarnpkg.com/d3-array/-/d3-array-2.3.1.tgz#145cb03967578e675db8c62e41f3c406fa7acc73"

d3-color@1, d3-color@^1.2.3:
  version "1.3.0"
  resolved "https://registry.yarnpkg.com/d3-color/-/d3-color-1.3.0.tgz#675818359074215b020dc1d41d518136dcb18fa9"

d3-delaunay@^5.1.1:
  version "5.1.4"
  resolved "https://registry.yarnpkg.com/d3-delaunay/-/d3-delaunay-5.1.4.tgz#ae4a706f73210ceee7b3069019ee832ca954a26f"
  dependencies:
    delaunator "4"

d3-format@1, d3-format@^1.3.2:
  version "1.3.2"
  resolved "https://registry.yarnpkg.com/d3-format/-/d3-format-1.3.2.tgz#6a96b5e31bcb98122a30863f7d92365c00603562"

d3-hierarchy@^1.1.8:
  version "1.1.8"
  resolved "https://registry.yarnpkg.com/d3-hierarchy/-/d3-hierarchy-1.1.8.tgz#7a6317bd3ed24e324641b6f1e76e978836b008cc"

d3-interpolate@1, d3-interpolate@^1.3.2:
  version "1.3.2"
  resolved "https://registry.yarnpkg.com/d3-interpolate/-/d3-interpolate-1.3.2.tgz#417d3ebdeb4bc4efcc8fd4361c55e4040211fd68"
  dependencies:
    d3-color "1"

d3-path@1:
  version "1.0.8"
  resolved "https://registry.yarnpkg.com/d3-path/-/d3-path-1.0.8.tgz#4a0606a794d104513ec4a8af43525f374b278719"

d3-scale-chromatic@^1.3.3:
  version "1.5.0"
  resolved "https://registry.yarnpkg.com/d3-scale-chromatic/-/d3-scale-chromatic-1.5.0.tgz#54e333fc78212f439b14641fb55801dd81135a98"
  dependencies:
    d3-color "1"
    d3-interpolate "1"

d3-scale@^3.0.0:
  version "3.0.1"
  resolved "https://registry.yarnpkg.com/d3-scale/-/d3-scale-3.0.1.tgz#f7b5e7046ad83b35399639455bf5218a3cc1d1bc"
  dependencies:
    d3-array "1.2.0 - 2"
    d3-format "1"
    d3-interpolate "1"
    d3-time "1"
    d3-time-format "2"

d3-shape@^1.3.5:
  version "1.3.5"
  resolved "https://registry.yarnpkg.com/d3-shape/-/d3-shape-1.3.5.tgz#e81aea5940f59f0a79cfccac012232a8987c6033"
  dependencies:
    d3-path "1"

d3-time-format@2, d3-time-format@^2.1.3:
  version "2.1.3"
  resolved "https://registry.yarnpkg.com/d3-time-format/-/d3-time-format-2.1.3.tgz#ae06f8e0126a9d60d6364eac5b1533ae1bac826b"
  dependencies:
    d3-time "1"

d3-time@1, d3-time@^1.0.11:
  version "1.0.11"
  resolved "https://registry.yarnpkg.com/d3-time/-/d3-time-1.0.11.tgz#1d831a3e25cd189eb256c17770a666368762bbce"

delaunator@4:
  version "4.0.1"
  resolved "https://registry.yarnpkg.com/delaunator/-/delaunator-4.0.1.tgz#3d779687f57919a7a418f8ab947d3bddb6846957"

encoding@^0.1.11:
  version "0.1.12"
  resolved "https://registry.yarnpkg.com/encoding/-/encoding-0.1.12.tgz#538b66f3ee62cd1ab51ec323829d1f9480c74beb"
  dependencies:
    iconv-lite "~0.4.13"

fbjs@^0.8.1:
  version "0.8.17"
  resolved "https://registry.yarnpkg.com/fbjs/-/fbjs-0.8.17.tgz#c4d598ead6949112653d6588b01a5cdcd9f90fdd"
  dependencies:
    core-js "^1.0.0"
    isomorphic-fetch "^2.1.1"
    loose-envify "^1.0.0"
    object-assign "^4.1.0"
    promise "^7.1.1"
    setimmediate "^1.0.5"
    ua-parser-js "^0.7.18"

get-node-dimensions@^1.2.1:
  version "1.2.1"
  resolved "https://registry.yarnpkg.com/get-node-dimensions/-/get-node-dimensions-1.2.1.tgz#fb7b4bb57060fb4247dd51c9d690dfbec56b0823"

hoist-non-react-statics@^2.3.1:
  version "2.5.5"
  resolved "https://registry.yarnpkg.com/hoist-non-react-statics/-/hoist-non-react-statics-2.5.5.tgz#c5903cf409c0dfd908f388e619d86b9c1174cb47"

iconv-lite@~0.4.13:
  version "0.4.24"
  resolved "https://registry.yarnpkg.com/iconv-lite/-/iconv-lite-0.4.24.tgz#2022b4b25fbddc21d2f524974a474aafe733908b"
  dependencies:
    safer-buffer ">= 2.1.2 < 3"

is-stream@^1.0.1:
  version "1.1.0"
  resolved "https://registry.yarnpkg.com/is-stream/-/is-stream-1.1.0.tgz#12d4a3dd4e68e0b79ceb8dbc84173ae80d91ca44"

isomorphic-fetch@^2.1.1:
  version "2.2.1"
  resolved "https://registry.yarnpkg.com/isomorphic-fetch/-/isomorphic-fetch-2.2.1.tgz#611ae1acf14f5e81f729507472819fe9733558a9"
  dependencies:
    node-fetch "^1.0.1"
    whatwg-fetch ">=0.10.0"

"js-tokens@^3.0.0 || ^4.0.0":
  version "4.0.0"
  resolved "https://registry.yarnpkg.com/js-tokens/-/js-tokens-4.0.0.tgz#19203fb59991df98e3a287050d4647cdeaf32499"

lodash.get@^4.4.2:
  version "4.4.2"
  resolved "https://registry.yarnpkg.com/lodash.get/-/lodash.get-4.4.2.tgz#2d177f652fa31e939b4438d5341499dfa3825e99"

lodash.isplainobject@^4.0.6:
  version "4.0.6"
  resolved "https://registry.yarnpkg.com/lodash.isplainobject/-/lodash.isplainobject-4.0.6.tgz#7c526a52d89b45c45cc690b88163be0497f550cb"

lodash@^4.17.11:
  version "4.17.15"
  resolved "https://registry.yarnpkg.com/lodash/-/lodash-4.17.15.tgz#b447f6670a0455bbfeedd11392eff330ea097548"

loose-envify@^1.0.0, loose-envify@^1.4.0:
  version "1.4.0"
  resolved "https://registry.yarnpkg.com/loose-envify/-/loose-envify-1.4.0.tgz#71ee51fa7be4caec1a63839f7e682d8132d30caf"
  dependencies:
    js-tokens "^3.0.0 || ^4.0.0"

node-fetch@^1.0.1:
  version "1.7.3"
  resolved "https://registry.yarnpkg.com/node-fetch/-/node-fetch-1.7.3.tgz#980f6f72d85211a5347c6b2bc18c5b84c3eb47ef"
  dependencies:
    encoding "^0.1.11"
    is-stream "^1.0.1"

object-assign@^4.1.0, object-assign@^4.1.1:
  version "4.1.1"
  resolved "https://registry.yarnpkg.com/object-assign/-/object-assign-4.1.1.tgz#2109adc7965887cfc05cbbd442cac8bfbb360863"

performance-now@^0.2.0:
  version "0.2.0"
  resolved "https://registry.yarnpkg.com/performance-now/-/performance-now-0.2.0.tgz#33ef30c5c77d4ea21c5a53869d91b56d8f2555e5"

performance-now@^2.1.0:
  version "2.1.0"
  resolved "https://registry.yarnpkg.com/performance-now/-/performance-now-2.1.0.tgz#6309f4e0e5fa913ec1c69307ae364b4b377c9e7b"

promise@^7.1.1:
  version "7.3.1"
  resolved "https://registry.yarnpkg.com/promise/-/promise-7.3.1.tgz#064b72602b18f90f29192b8b1bc418ffd1ebd3bf"
  dependencies:
    asap "~2.0.3"

prop-types@^15.5.8, prop-types@^15.6.2:
  version "15.7.2"
  resolved "https://registry.yarnpkg.com/prop-types/-/prop-types-15.7.2.tgz#52c41e75b8c87e72b9d9360e0206b99dcbffa6c5"
  dependencies:
    loose-envify "^1.4.0"
    object-assign "^4.1.1"
    react-is "^16.8.1"

raf@^3.1.0:
  version "3.4.1"
  resolved "https://registry.yarnpkg.com/raf/-/raf-3.4.1.tgz#0742e99a4a6552f445d73e3ee0328af0ff1ede39"
  dependencies:
    performance-now "^2.1.0"

react-is@^16.8.1:
  version "16.9.0"
  resolved "https://registry.yarnpkg.com/react-is/-/react-is-16.9.0.tgz#21ca9561399aad0ff1a7701c01683e8ca981edcb"

react-lifecycles-compat@^3.0.2:
  version "3.0.4"
  resolved "https://registry.yarnpkg.com/react-lifecycles-compat/-/react-lifecycles-compat-3.0.4.tgz#4f1a273afdfc8f3488a8c516bfda78f872352362"

react-measure@^2.2.4:
  version "2.3.0"
  resolved "https://registry.yarnpkg.com/react-measure/-/react-measure-2.3.0.tgz#75835d39abec9ae13517f35a819c160997a7a44e"
  dependencies:
    "@babel/runtime" "^7.2.0"
    get-node-dimensions "^1.2.1"
    prop-types "^15.6.2"
    resize-observer-polyfill "^1.5.0"

react-motion@^0.5.2:
  version "0.5.2"
  resolved "https://registry.yarnpkg.com/react-motion/-/react-motion-0.5.2.tgz#0dd3a69e411316567927917c6626551ba0607316"
  dependencies:
    performance-now "^0.2.0"
    prop-types "^15.5.8"
    raf "^3.1.0"

recompose@^0.30.0:
  version "0.30.0"
  resolved "https://registry.yarnpkg.com/recompose/-/recompose-0.30.0.tgz#82773641b3927e8c7d24a0d87d65aeeba18aabd0"
  dependencies:
    "@babel/runtime" "^7.0.0"
    change-emitter "^0.1.2"
    fbjs "^0.8.1"
    hoist-non-react-statics "^2.3.1"
    react-lifecycles-compat "^3.0.2"
    symbol-observable "^1.0.4"

regenerator-runtime@^0.13.2:
  version "0.13.3"
  resolved "https://registry.yarnpkg.com/regenerator-runtime/-/regenerator-runtime-0.13.3.tgz#7cf6a77d8f5c6f60eb73c5fc1955b2ceb01e6bf5"

resize-observer-polyfill@^1.5.0:
  version "1.5.1"
  resolved "https://registry.yarnpkg.com/resize-observer-polyfill/-/resize-observer-polyfill-1.5.1.tgz#0e9020dd3d21024458d4ebd27e23e40269810464"

"safer-buffer@>= 2.1.2 < 3":
  version "2.1.2"
  resolved "https://registry.yarnpkg.com/safer-buffer/-/safer-buffer-2.1.2.tgz#44fa161b0187b9549dd84bb91802f9bd8385cd6a"

setimmediate@^1.0.5:
  version "1.0.5"
  resolved "https://registry.yarnpkg.com/setimmediate/-/setimmediate-1.0.5.tgz#290cbb232e306942d7d7ea9b83732ab7856f8285"

symbol-observable@^1.0.4:
  version "1.2.0"
  resolved "https://registry.yarnpkg.com/symbol-observable/-/symbol-observable-1.2.0.tgz#c22688aed4eab3cdc2dfeacbb561660560a00804"

ua-parser-js@^0.7.18:
  version "0.7.20"
  resolved "https://registry.yarnpkg.com/ua-parser-js/-/ua-parser-js-0.7.20.tgz#7527178b82f6a62a0f243d1f94fd30e3e3c21098"

whatwg-fetch@>=0.10.0:
  version "3.0.0"
  resolved "https://registry.yarnpkg.com/whatwg-fetch/-/whatwg-fetch-3.0.0.tgz#fc804e458cc460009b1a2b966bc8817d2578aefb"
