# THIS IS AN AUTOGENERATED FILE. DO NOT EDIT THIS FILE DIRECTLY.
# yarn lockfile v1


"@emotion/is-prop-valid@^0.8.2":
  version "0.8.6"
  resolved "https://registry.yarnpkg.com/@emotion/is-prop-valid/-/is-prop-valid-0.8.6.tgz#4757646f0a58e9dec614c47c838e7147d88c263c"
  integrity sha512-mnZMho3Sq8BfzkYYRVc8ilQTnc8U02Ytp6J1AwM6taQStZ3AhsEJBX2LzhA/LJirNCwM2VtHL3VFIZ+sNJUgUQ==
  dependencies:
    "@emotion/memoize" "0.7.4"

"@emotion/memoize@0.7.4":
  version "0.7.4"
  resolved "https://registry.yarnpkg.com/@emotion/memoize/-/memoize-0.7.4.tgz#19bf0f5af19149111c40d98bb0cf82119f5d9eeb"
  integrity sha512-Ja/Vfqe3HpuzRsG1oBtWTHk2PGZ7GR+2Vz5iYGelAw8dx32K0y7PjVuxK6z1nMpZOqAFsRUPCkK1YjJ56qJlgw==

"@framer/hunterc.components@1.5.0":
  version "1.5.0"
  resolved "https://registry.framer.com/@framer/hunterc.components/-/@framer/hunterc.components-1.5.0.tgz#e0edb975c079c246ddedca4b908c3533c410390b"
  integrity sha512-FJtn4D8mPxmQlIgm3zMa6JaI4622kIQmfibW3nCYlvzdeon43AXiZVLgNCWPEVSLX98XSAsLe5kxbGmdPqf0fg==
  dependencies:
    react-feather "^2.0.3"

"@framer/kasimir.iphone-x-kit@^1.21.0":
  version "1.21.0"
  resolved "https://registry.framer.com/@framer/kasimir.iphone-x-kit/-/@framer/kasimir.iphone-x-kit-1.21.0.tgz#3346b679f219f1c2284cd67b41a8022c632887c0"
  integrity sha512-3MofK5Eq1H2UJ0vuB2fZun9MyhGhg7sVHK4QF16K9xyZVrtu9J4qQah0muqIOHarFCPNdg44Q98IYRetZ/NduA==

"@framer/lintonye.parallax@^1.52.0":
  version "1.52.0"
  resolved "https://registry.framer.com/@framer/lintonye.parallax/-/@framer/lintonye.parallax-1.52.0.tgz#bfe930661dfe58b2750f828659a75132c5773bee"
  integrity sha512-2D4UlFd7+QBTkodT+kLPmQkSY1cTe7FFHpMdivtcE3YTYoY/cRQUKtrMEyIUCQ7VhzqVaeQh/1IAHVA73p/9tA==
  dependencies:
    mathjs "^5.2.0"
    use-parallax "^0.0.6"

"@framer/ruucm-h.enhanced-lottie@^1.47.0":
  version "1.47.0"
  resolved "https://registry.framer.com/@framer/ruucm-h.enhanced-lottie/-/@framer/ruucm-h.enhanced-lottie-1.47.0.tgz#c664b6dd21cba5edd1a9285e60e162badcae6a77"
  integrity sha512-Y90LeYQqzuqzneP0W6HhTYjDNsOydbG+AK18OeGcnT2WTRuEBjgRPAGBj7VuvQuwjd3yxk+Lkht7OwlkPqINoA==
  dependencies:
    lottie-web "^5.5.3"
    prop-types "^15.7.2"

"@popmotion/easing@^1.0.1", "@popmotion/easing@^1.0.2":
  version "1.0.2"
  resolved "https://registry.yarnpkg.com/@popmotion/easing/-/easing-1.0.2.tgz#17d925c45b4bf44189e5a38038d149df42d8c0b4"
  integrity sha512-IkdW0TNmRnWTeWI7aGQIVDbKXPWHVEYdGgd5ZR4SH/Ty/61p63jCjrPxX1XrR7IGkl08bjhJROStD7j+RKgoIw==

"@popmotion/popcorn@^0.4.2", "@popmotion/popcorn@^0.4.4":
  version "0.4.4"
  resolved "https://registry.yarnpkg.com/@popmotion/popcorn/-/popcorn-0.4.4.tgz#a5f906fccdff84526e3fcb892712d7d8a98d6adc"
  integrity sha512-jYO/8319fKoNLMlY4ZJPiPu8Ea8occYwRZhxpaNn/kZsK4QG2E7XFlXZMJBsTWDw7I1i0uaqyC4zn1nwEezLzg==
  dependencies:
    "@popmotion/easing" "^1.0.1"
    framesync "^4.0.1"
    hey-listen "^1.0.8"
    style-value-types "^3.1.7"
    tslib "^1.10.0"

"@types/prop-types@*":
  version "15.7.0"
  resolved "https://registry.yarnpkg.com/@types/prop-types/-/prop-types-15.7.0.tgz#4c48fed958d6dcf9487195a0ef6456d5f6e0163a"
  integrity sha512-eItQyV43bj4rR3JPV0Skpl1SncRCdziTEK9/v8VwXmV6d/qOUO8/EuWeHBbCZcsfSHfzI5UyMJLCSXtxxznyZg==

"@types/react@^16.8":
  version "16.8.4"
  resolved "https://registry.yarnpkg.com/@types/react/-/react-16.8.4.tgz#134307f5266e866d5e7c25e47f31f9abd5b2ea34"
  integrity sha512-Mpz1NNMJvrjf0GcDqiK8+YeOydXfD8Mgag3UtqQ5lXYTsMnOiHcKmO48LiSWMb1rSHB9MV/jlgyNzeAVxWMZRQ==
  dependencies:
    "@types/prop-types" "*"
    csstype "^2.2.0"

"@types/react@^16.9.2":
  version "16.9.19"
  resolved "https://registry.yarnpkg.com/@types/react/-/react-16.9.19.tgz#c842aa83ea490007d29938146ff2e4d9e4360c40"
  integrity sha512-LJV97//H+zqKWMms0kvxaKYJDG05U2TtQB3chRLF8MPNs+MQh/H1aGlyDUxjaHvu08EAGerdX2z4LTBc7ns77A==
  dependencies:
    "@types/prop-types" "*"
    csstype "^2.2.0"

complex.js@2.0.11:
  version "2.0.11"
  resolved "https://registry.yarnpkg.com/complex.js/-/complex.js-2.0.11.tgz#09a873fbf15ffd8c18c9c2201ccef425c32b8bf1"
  integrity sha512-6IArJLApNtdg1P1dFtn3dnyzoZBEF0MwMnrfF1exSBRpZYoy4yieMkpZhQDC0uwctw48vii0CFVyHfpgZ/DfGw==

csstype@^2.2.0:
  version "2.6.1"
  resolved "https://registry.yarnpkg.com/csstype/-/csstype-2.6.1.tgz#4cfbf637a577497036ebcd7e32647ef19a0b8076"
  integrity sha512-wv7IRqCGsL7WGKB8gPvrl+++HlFM9kxAM6jL1EXNPNTshEJYilMkbfS2SnuHha77uosp/YVK0wAp2jmlBzn1tg==

decimal.js@10.2.0:
  version "10.2.0"
  resolved "https://registry.yarnpkg.com/decimal.js/-/decimal.js-10.2.0.tgz#39466113a9e036111d02f82489b5fd6b0b5ed231"
  integrity sha512-vDPw+rDgn3bZe1+F/pyEwb1oMG2XTlRVgAa6B4KccTEpYgF8w6eQllVbQcfIJnZyvzFtFpxnpGtx8dd7DJp/Rw==

escape-latex@1.2.0:
  version "1.2.0"
  resolved "https://registry.yarnpkg.com/escape-latex/-/escape-latex-1.2.0.tgz#07c03818cf7dac250cce517f4fda1b001ef2bca1"
  integrity sha512-nV5aVWW1K0wEiUIEdZ4erkGGH8mDxGyxSeqPzRNtWP7ataw+/olFObw7hujFWlVjNsaDFw5VZ5NzVSIqRgfTiw==

fraction.js@4.0.12:
  version "4.0.12"
  resolved "https://registry.yarnpkg.com/fraction.js/-/fraction.js-4.0.12.tgz#0526d47c65a5fb4854df78bc77f7bec708d7b8c3"
  integrity sha512-8Z1K0VTG4hzYY7kA/1sj4/r1/RWLBD3xwReT/RCrUCbzPszjNQCCsy3ktkU/eaEqX3MYa4pY37a52eiBlPMlhA==

framer-motion@^1.6.2:
  version "1.8.4"
  resolved "https://registry.yarnpkg.com/framer-motion/-/framer-motion-1.8.4.tgz#5772ff9cbd3b9d154e2c242461893c04a5f0cb26"
  integrity sha512-MMtJ3m0UpSb+val+aL8snz57p47LJS8lBSzvybhXjJgQHpufTZEzbp62eXNVdBlCHnC02J5+NmHRz4AAN6J9Qg==
  dependencies:
    "@popmotion/easing" "^1.0.2"
    "@popmotion/popcorn" "^0.4.2"
    framesync "^4.0.4"
    hey-listen "^1.0.8"
    popmotion "9.0.0-beta-8"
    style-value-types "^3.1.6"
    stylefire "^7.0.2"
    tslib "^1.10.0"
  optionalDependencies:
    "@emotion/is-prop-valid" "^0.8.2"

framesync@^4.0.0, framesync@^4.0.1, framesync@^4.0.4:
  version "4.0.4"
  resolved "https://registry.yarnpkg.com/framesync/-/framesync-4.0.4.tgz#79c42c0118f26821c078570db0ff81fb863516a2"
  integrity sha512-mdP0WvVHe0/qA62KG2LFUAOiWLng5GLpscRlwzBxu2VXOp6B8hNs5C5XlFigsMgrfDrr2YbqTsgdWZTc4RXRMQ==
  dependencies:
    hey-listen "^1.0.8"
    tslib "^1.10.0"

hey-listen@^1.0.8:
  version "1.0.8"
  resolved "https://registry.yarnpkg.com/hey-listen/-/hey-listen-1.0.8.tgz#8e59561ff724908de1aa924ed6ecc84a56a9aa68"
  integrity sha512-COpmrF2NOg4TBWUJ5UVyaCU2A88wEMkUPK4hNqyCkqHbxT92BbvfjoSozkAIIm6XhicGlJHhFdullInrdhwU8Q==

javascript-natural-sort@0.7.1:
  version "0.7.1"
  resolved "https://registry.yarnpkg.com/javascript-natural-sort/-/javascript-natural-sort-0.7.1.tgz#f9e2303d4507f6d74355a73664d1440fb5a0ef59"
  integrity sha1-+eIwPUUH9tdDVac2ZNFED7Wg71k=

"js-tokens@^3.0.0 || ^4.0.0":
  version "4.0.0"
  resolved "https://registry.yarnpkg.com/js-tokens/-/js-tokens-4.0.0.tgz#19203fb59991df98e3a287050d4647cdeaf32499"
  integrity sha512-RdJUflcE3cUzKiMqQgsCu06FPu9UdIJO0beYbPhHN4k6apgJtifcoCtT9bcxOpYBtpD2kCM6Sbzg4CausW/PKQ==

loose-envify@^1.4.0:
  version "1.4.0"
  resolved "https://registry.yarnpkg.com/loose-envify/-/loose-envify-1.4.0.tgz#71ee51fa7be4caec1a63839f7e682d8132d30caf"
  integrity sha512-lyuxPGr/Wfhrlem2CL/UcnUc1zcqKAImBDzukY7Y5F/yQiNdko6+fRLevlw1HgMySw7f611UIY408EtxRSoK3Q==
  dependencies:
    js-tokens "^3.0.0 || ^4.0.0"

lottie-web@^5.5.3:
  version "5.6.4"
  resolved "https://registry.yarnpkg.com/lottie-web/-/lottie-web-5.6.4.tgz#8520f9e7e8daa9e0ab8343c628c3f470800088a4"
  integrity sha512-eU+21Wo/RSi4i260S7fDUxfhNJ9PhfzUJMVQpip0yZd19oJ18jrNCoSQKVUzjC2TzOjqumlLZXR636ezKoWNQg==

mathjs@^5.2.0:
  version "5.10.3"
  resolved "https://registry.yarnpkg.com/mathjs/-/mathjs-5.10.3.tgz#e998885f932ea8886db8b40f7f5b199f89b427f1"
  integrity sha512-ySjg30BC3dYjQm73ILZtwcWzFJde0VU6otkXW/57IjjuYRa3Qaf0Kb8pydEuBZYtqW2OxreAtsricrAmOj3jIw==
  dependencies:
    complex.js "2.0.11"
    decimal.js "10.2.0"
    escape-latex "1.2.0"
    fraction.js "4.0.12"
    javascript-natural-sort "0.7.1"
    seed-random "2.2.0"
    tiny-emitter "2.1.0"
    typed-function "1.1.0"

object-assign@^4.1.1:
  version "4.1.1"
  resolved "https://registry.yarnpkg.com/object-assign/-/object-assign-4.1.1.tgz#2109adc7965887cfc05cbbd442cac8bfbb360863"
  integrity sha1-IQmtx5ZYh8/AXLvUQsrIv7s2CGM=

popmotion@9.0.0-beta-8:
  version "9.0.0-beta-8"
  resolved "https://registry.yarnpkg.com/popmotion/-/popmotion-9.0.0-beta-8.tgz#f5a709f11737734e84f2a6b73f9bcf25ee30c388"
  integrity sha512-6eQzqursPvnP7ePvdfPeY4wFHmS3OLzNP8rJRvmfFfEIfpFqrQgLsM50Gd9AOvGKJtYJOFknNG+dsnzCpgIdAA==
  dependencies:
    "@popmotion/easing" "^1.0.1"
    "@popmotion/popcorn" "^0.4.2"
    framesync "^4.0.4"
    hey-listen "^1.0.8"
    style-value-types "^3.1.6"
    tslib "^1.10.0"

prop-types@^15.7.2:
  version "15.7.2"
  resolved "https://registry.yarnpkg.com/prop-types/-/prop-types-15.7.2.tgz#52c41e75b8c87e72b9d9360e0206b99dcbffa6c5"
  integrity sha512-8QQikdH7//R2vurIJSutZ1smHYTcLpRWEOlHnzcWHmBYrOGUysKwSsrC89BCiFj3CbrfJ/nXFdJepOVrY1GCHQ==
  dependencies:
    loose-envify "^1.4.0"
    object-assign "^4.1.1"
    react-is "^16.8.1"

react-feather@^2.0.3:
  version "2.0.3"
  resolved "https://registry.yarnpkg.com/react-feather/-/react-feather-2.0.3.tgz#1453ff5d8c242f72b8c02846118fbd2d406375ad"
  integrity sha512-XVjtxIyMxb2RFlqC2APoB/IZvXKDW9uLN1c264XEeZNYe8jIxjQVQpeTo3nxtHiLTgMfgf0ZYxJC6HwmY8+9BA==
  dependencies:
    prop-types "^15.7.2"

react-is@^16.8.1:
  version "16.12.0"
  resolved "https://registry.yarnpkg.com/react-is/-/react-is-16.12.0.tgz#2cc0fe0fba742d97fd527c42a13bec4eeb06241c"
  integrity sha512-rPCkf/mWBtKc97aLL9/txD8DZdemK0vkA3JMLShjlJB3Pj3s+lpf1KaBzMfQrAmhMQB0n1cU/SUGgKKBCe837Q==

seed-random@2.2.0:
  version "2.2.0"
  resolved "https://registry.yarnpkg.com/seed-random/-/seed-random-2.2.0.tgz#2a9b19e250a817099231a5b99a4daf80b7fbed54"
  integrity sha1-KpsZ4lCoFwmSMaW5mk2vgLf77VQ=

style-value-types@^3.1.6, style-value-types@^3.1.7:
  version "3.1.7"
  resolved "https://registry.yarnpkg.com/style-value-types/-/style-value-types-3.1.7.tgz#3d7d3cf9cb9f9ee86c00e19ba65d6a181a0db33a"
  integrity sha512-jPaG5HcAPs3vetSwOJozrBXxuHo9tjZVnbRyBjxqb00c2saIoeuBJc1/2MtvB8eRZy41u/BBDH0CpfzWixftKg==
  dependencies:
    hey-listen "^1.0.8"
    tslib "^1.10.0"

stylefire@^7.0.2:
  version "7.0.2"
  resolved "https://registry.yarnpkg.com/stylefire/-/stylefire-7.0.2.tgz#874a82dd2bcada39c13e75e0c67b70009e06f556"
  integrity sha512-LFIBP6fIA+EMqLSvM4V6zLa+O/iAcHoNJVuXkkZ5G8+T+Pd3KaQLqgxrpkeo1bwWQHqzgab8U3V3gudO231fZA==
  dependencies:
    "@popmotion/popcorn" "^0.4.4"
    framesync "^4.0.0"
    hey-listen "^1.0.8"
    style-value-types "^3.1.7"
    tslib "^1.10.0"

tiny-emitter@2.1.0:
  version "2.1.0"
  resolved "https://registry.yarnpkg.com/tiny-emitter/-/tiny-emitter-2.1.0.tgz#1d1a56edfc51c43e863cbb5382a72330e3555423"
  integrity sha512-NB6Dk1A9xgQPMoGqC5CVXn123gWyte215ONT5Pp5a0yt4nlEoO1ZWeCwpncaekPHXO60i47ihFnZPiRPjRMq4Q==

tslib@^1.10.0:
  version "1.10.0"
  resolved "https://registry.yarnpkg.com/tslib/-/tslib-1.10.0.tgz#c3c19f95973fb0a62973fb09d90d961ee43e5c8a"
  integrity sha512-qOebF53frne81cf0S9B41ByenJ3/IuH8yJKngAX35CmiZySA0khhkovshKK+jGCaMnVomla7gVlIcc3EvKPbTQ==

typed-function@1.1.0:
  version "1.1.0"
  resolved "https://registry.yarnpkg.com/typed-function/-/typed-function-1.1.0.tgz#ea149706e0fb42aca1791c053a6d94ccd6c4fdcb"
  integrity sha512-TuQzwiT4DDg19beHam3E66oRXhyqlyfgjHB/5fcvsRXbfmWPJfto9B4a0TBdTrQAPGlGmXh/k7iUI+WsObgORA==

use-parallax@^0.0.6:
  version "0.0.6"
  resolved "https://registry.yarnpkg.com/use-parallax/-/use-parallax-0.0.6.tgz#53e4c0f72c751558fe54f1866bca52eab6a69938"
  integrity sha512-OTPjHh+ZebBYKpUU/0R86KcG7rMDOwhWwwQ2oUosbmlKAZN8QAVHwaCU/uQ4/KLL9tpyO+RQ6JW/blnYrjVmSA==
  dependencies:
    "@types/react" "^16.9.2"
    framer-motion "^1.6.2"
